{
  "object": {
    "pins": [
      {
        "package": "OpenSSL",
        "repositoryURL": "https://github.com/dm-zharov/OpenSSL.git",
        "state": {
          "branch": null,
          "revision": "c71eba106111ce47e4dbeffcfc154ddfe5019378",
          "version": null
        }
      }
    ]
  },
  "version": 1
}
